
Microsoft Visual Studio Solution File, Format Version 12.00
Project("{FAE04EC0-301F-11D3-BF4B-00C04F79EFBC}") = "LibOcc", "src\LibOcc\LibOcc.csproj", "{C818E2C6-6984-46FB-8082-00CDE50AE1F1}"
EndProject
Project("{FAE04EC0-301F-11D3-BF4B-00C04F79EFBC}") = "Occ", "src\Occ\Occ.csproj", "{58ED4B14-3699-4667-B2C7-F9550E55FC98}"
EndProject
Project("{FAE04EC0-301F-11D3-BF4B-00C04F79EFBC}") = "Oci", "src\Oci\Oci.csproj", "{179DD7C0-CB58-4FA7-911A-4F92D5725586}"
EndProject
Project("{FAE04EC0-301F-11D3-BF4B-00C04F79EFBC}") = "LibOcc.Test", "tests\LibOcc.Test\LibOcc.Test.csproj", "{9B6C8945-DDE0-4062-8F96-42EF8ED2D07F}"
EndProject
Global
	GlobalSection(SolutionConfigurationPlatforms) = preSolution
		Debug|Any CPU = Debug|Any CPU
		Release|Any CPU = Release|Any CPU
	EndGlobalSection
	GlobalSection(ProjectConfigurationPlatforms) = postSolution
		{C818E2C6-6984-46FB-8082-00CDE50AE1F1}.Debug|Any CPU.ActiveCfg = Debug|Any CPU
		{C818E2C6-6984-46FB-8082-00CDE50AE1F1}.Debug|Any CPU.Build.0 = Debug|Any CPU
		{C818E2C6-6984-46FB-8082-00CDE50AE1F1}.Release|Any CPU.ActiveCfg = Release|Any CPU
		{C818E2C6-6984-46FB-8082-00CDE50AE1F1}.Release|Any CPU.Build.0 = Release|Any CPU
		{58ED4B14-3699-4667-B2C7-F9550E55FC98}.Debug|Any CPU.ActiveCfg = Debug|Any CPU
		{58ED4B14-3699-4667-B2C7-F9550E55FC98}.Debug|Any CPU.Build.0 = Debug|Any CPU
		{58ED4B14-3699-4667-B2C7-F9550E55FC98}.Release|Any CPU.ActiveCfg = Release|Any CPU
		{58ED4B14-3699-4667-B2C7-F9550E55FC98}.Release|Any CPU.Build.0 = Release|Any CPU
		{179DD7C0-CB58-4FA7-911A-4F92D5725586}.Debug|Any CPU.ActiveCfg = Debug|Any CPU
		{179DD7C0-CB58-4FA7-911A-4F92D5725586}.Debug|Any CPU.Build.0 = Debug|Any CPU
		{179DD7C0-CB58-4FA7-911A-4F92D5725586}.Release|Any CPU.ActiveCfg = Release|Any CPU
		{179DD7C0-CB58-4FA7-911A-4F92D5725586}.Release|Any CPU.Build.0 = Release|Any CPU
		{9B6C8945-DDE0-4062-8F96-42EF8ED2D07F}.Debug|Any CPU.ActiveCfg = Debug|Any CPU
		{9B6C8945-DDE0-4062-8F96-42EF8ED2D07F}.Debug|Any CPU.Build.0 = Debug|Any CPU
		{9B6C8945-DDE0-4062-8F96-42EF8ED2D07F}.Release|Any CPU.ActiveCfg = Release|Any CPU
		{9B6C8945-DDE0-4062-8F96-42EF8ED2D07F}.Release|Any CPU.Build.0 = Release|Any CPU
	EndGlobalSection
EndGlobal
